PODS:
  - NTYCSVTable (0.2.0)
  - NTYPopulator (0.1.1):
    - NTYCSVTable
  - OCHamcrest (3.0.1)

DEPENDENCIES:
  - NTYPopulator (from `../NTYPopulator.podspec`)
  - OCHamcrest

EXTERNAL SOURCES:
  NTYPopulator:
    :path: ../NTYPopulator.podspec

SPEC CHECKSUMS:
  NTYCSVTable: bdbb1ae2e1f374d027fafc251103e06ecda444a6
  NTYPopulator: 8d3208774eaaf1e2e0da70649b2b779d6f1a5d24
  OCHamcrest: 782c52ae8c673e5d6060a65005cfd26d20d519ba

COCOAPODS: 0.32.1
